Microsoft Visual Studio Solution File, Format Version 12.00
# Visual Studio Version 17
VisualStudioVersion = 17.5.2.0
MinimumVisualStudioVersion = 10.0.40219.1
Project("{FAE04EC0-301F-11D3-BF4B-00C04F79EFBC}") = "MigrationDemo", "MigrationDemo.csproj", "{7AF2DA70-4169-E16A-BA47-15B25C01F2B4}"
EndProject
Global
	GlobalSection(SolutionConfigurationPlatforms) = preSolution
		Debug|Any CPU = Debug|Any CPU
		Release|Any CPU = Release|Any CPU
	EndGlobalSection
	GlobalSection(ProjectConfigurationPlatforms) = postSolution
		{7AF2DA70-4169-E16A-BA47-15B25C01F2B4}.Debug|Any CPU.ActiveCfg = Debug|Any CPU
		{7AF2DA70-4169-E16A-BA47-15B25C01F2B4}.Debug|Any CPU.Build.0 = Debug|Any CPU
		{7AF2DA70-4169-E16A-BA47-15B25C01F2B4}.Release|Any CPU.ActiveCfg = Release|Any CPU
		{7AF2DA70-4169-E16A-BA47-15B25C01F2B4}.Release|Any CPU.Build.0 = Release|Any CPU
	EndGlobalSection
	GlobalSection(SolutionProperties) = preSolution
		HideSolutionNode = FALSE
	EndGlobalSection
	GlobalSection(ExtensibilityGlobals) = postSolution
		SolutionGuid = {3907F585-828C-4EE6-A921-2CBBBC124F0B}
	EndGlobalSection
EndGlobal
